
Microsoft Visual Studio Solution File, Format Version 12.00
# Visual Studio Version 16
VisualStudioVersion = 16.0.29319.158
MinimumVisualStudioVersion = 10.0.40219.1
Project("{2150E333-8FDC-42A3-9474-1A3956D46DE8}") = "src", "src", "{EF47161E-E399-451C-BDE8-E92AAD3BD761}"
EndProject
Project("{2150E333-8FDC-42A3-9474-1A3956D46DE8}") = "Solution Items", "Solution Items", "{F6AC9AEB-24EF-475A-B190-AA4D9E01270A}"
	ProjectSection(SolutionItems) = preProject
		readme.md = readme.md
	EndProjectSection
EndProject
Project("{2150E333-8FDC-42A3-9474-1A3956D46DE8}") = "providers", "providers", "{2EEE6ABD-EE9B-473F-AF2D-6DABB85D7BA2}"
EndProject
Project("{2150E333-8FDC-42A3-9474-1A3956D46DE8}") = "extensions", "extensions", "{6803696C-B19A-4B27-9193-082A02B6F205}"
EndProject
Project("{9A19103F-16F7-4668-BE54-9A1E7A4F7556}") = "WorkflowCore.Persistence.EntityFramework", "src\providers\WorkflowCore.Persistence.EntityFramework\WorkflowCore.Persistence.EntityFramework.csproj", "{FE54AD67-817A-4CC6-A9EF-C9F7A5122CA4}"
EndProject
Project("{9A19103F-16F7-4668-BE54-9A1E7A4F7556}") = "WorkflowCore.Persistence.SqlServer", "src\providers\WorkflowCore.Persistence.SqlServer\WorkflowCore.Persistence.SqlServer.csproj", "{1DE96D4F-F2CA-4740-8764-BADD1000040A}"
EndProject
Project("{9A19103F-16F7-4668-BE54-9A1E7A4F7556}") = "WorkflowCore.WebAPI", "src\extensions\WorkflowCore.WebAPI\WorkflowCore.WebAPI.csproj", "{FBF8D151-A3BF-4EB3-8F80-D71618696362}"
EndProject
Project("{9A19103F-16F7-4668-BE54-9A1E7A4F7556}") = "WorkflowCore.LockProviders.SqlServer", "src\providers\WorkflowCore.LockProviders.SqlServer\WorkflowCore.LockProviders.SqlServer.csproj", "{AAE2E9F9-37EF-4AE1-A200-D37417C9040C}"
EndProject
Project("{2150E333-8FDC-42A3-9474-1A3956D46DE8}") = "ReleaseNotes", "ReleaseNotes", "{38ECB00C-3F3B-4442-8408-ACE3B37FFAA8}"
	ProjectSection(SolutionItems) = preProject
		ReleaseNotes\1.2.8.md = ReleaseNotes\1.2.8.md
		ReleaseNotes\1.2.9.md = ReleaseNotes\1.2.9.md
		ReleaseNotes\1.3.0.md = ReleaseNotes\1.3.0.md
		ReleaseNotes\1.3.2.md = ReleaseNotes\1.3.2.md
		ReleaseNotes\1.3.3.md = ReleaseNotes\1.3.3.md
		ReleaseNotes\1.4.0.md = ReleaseNotes\1.4.0.md
		ReleaseNotes\1.6.0.md = ReleaseNotes\1.6.0.md
		ReleaseNotes\1.6.6.md = ReleaseNotes\1.6.6.md
		ReleaseNotes\1.6.8.md = ReleaseNotes\1.6.8.md
		ReleaseNotes\1.6.9.md = ReleaseNotes\1.6.9.md
		ReleaseNotes\1.7.0.md = ReleaseNotes\1.7.0.md
		ReleaseNotes\1.8.0.md = ReleaseNotes\1.8.0.md
		ReleaseNotes\1.8.1.md = ReleaseNotes\1.8.1.md
		ReleaseNotes\1.9.0.md = ReleaseNotes\1.9.0.md
		ReleaseNotes\1.9.2.md = ReleaseNotes\1.9.2.md
		ReleaseNotes\1.9.3.md = ReleaseNotes\1.9.3.md
		ReleaseNotes\2.0.0.md = ReleaseNotes\2.0.0.md
		ReleaseNotes\2.1.0.md = ReleaseNotes\2.1.0.md
	EndProjectSection
EndProject
Global
	GlobalSection(SolutionConfigurationPlatforms) = preSolution
		Debug|Any CPU = Debug|Any CPU
		Release|Any CPU = Release|Any CPU
	EndGlobalSection
	GlobalSection(ProjectConfigurationPlatforms) = postSolution
		{FE54AD67-817A-4CC6-A9EF-C9F7A5122CA4}.Debug|Any CPU.ActiveCfg = Debug|Any CPU
		{FE54AD67-817A-4CC6-A9EF-C9F7A5122CA4}.Debug|Any CPU.Build.0 = Debug|Any CPU
		{FE54AD67-817A-4CC6-A9EF-C9F7A5122CA4}.Release|Any CPU.ActiveCfg = Release|Any CPU
		{FE54AD67-817A-4CC6-A9EF-C9F7A5122CA4}.Release|Any CPU.Build.0 = Release|Any CPU
		{1DE96D4F-F2CA-4740-8764-BADD1000040A}.Debug|Any CPU.ActiveCfg = Debug|Any CPU
		{1DE96D4F-F2CA-4740-8764-BADD1000040A}.Debug|Any CPU.Build.0 = Debug|Any CPU
		{1DE96D4F-F2CA-4740-8764-BADD1000040A}.Release|Any CPU.ActiveCfg = Release|Any CPU
		{1DE96D4F-F2CA-4740-8764-BADD1000040A}.Release|Any CPU.Build.0 = Release|Any CPU
		{FBF8D151-A3BF-4EB3-8F80-D71618696362}.Debug|Any CPU.ActiveCfg = Debug|Any CPU
		{FBF8D151-A3BF-4EB3-8F80-D71618696362}.Debug|Any CPU.Build.0 = Debug|Any CPU
		{FBF8D151-A3BF-4EB3-8F80-D71618696362}.Release|Any CPU.ActiveCfg = Release|Any CPU
		{FBF8D151-A3BF-4EB3-8F80-D71618696362}.Release|Any CPU.Build.0 = Release|Any CPU
		{AAE2E9F9-37EF-4AE1-A200-D37417C9040C}.Debug|Any CPU.ActiveCfg = Debug|Any CPU
		{AAE2E9F9-37EF-4AE1-A200-D37417C9040C}.Debug|Any CPU.Build.0 = Debug|Any CPU
		{AAE2E9F9-37EF-4AE1-A200-D37417C9040C}.Release|Any CPU.ActiveCfg = Release|Any CPU
		{AAE2E9F9-37EF-4AE1-A200-D37417C9040C}.Release|Any CPU.Build.0 = Release|Any CPU
	EndGlobalSection
	GlobalSection(SolutionProperties) = preSolution
		HideSolutionNode = FALSE
	EndGlobalSection
	GlobalSection(NestedProjects) = preSolution
		{2EEE6ABD-EE9B-473F-AF2D-6DABB85D7BA2} = {EF47161E-E399-451C-BDE8-E92AAD3BD761}
		{6803696C-B19A-4B27-9193-082A02B6F205} = {EF47161E-E399-451C-BDE8-E92AAD3BD761}
		{FE54AD67-817A-4CC6-A9EF-C9F7A5122CA4} = {2EEE6ABD-EE9B-473F-AF2D-6DABB85D7BA2}
		{1DE96D4F-F2CA-4740-8764-BADD1000040A} = {2EEE6ABD-EE9B-473F-AF2D-6DABB85D7BA2}
		{FBF8D151-A3BF-4EB3-8F80-D71618696362} = {6803696C-B19A-4B27-9193-082A02B6F205}
		{AAE2E9F9-37EF-4AE1-A200-D37417C9040C} = {2EEE6ABD-EE9B-473F-AF2D-6DABB85D7BA2}
	EndGlobalSection
	GlobalSection(ExtensibilityGlobals) = postSolution
		SolutionGuid = {DC0FA8D3-6449-4FDA-BB46-ECF58FAD23B4}
	EndGlobalSection
EndGlobal
